
Microsoft Visual Studio Solution File, Format Version 12.00
# Visual Studio Version 16
VisualStudioVersion = 16.0.29911.84
MinimumVisualStudioVersion = 10.0.40219.1
Project("{FAE04EC0-301F-11D3-BF4B-00C04F79EFBC}") = "ProgrammingDesign", "ProgrammingDesign.csproj", "{7AA1019A-61B4-4D83-9E8F-6E79D9F2A595}"
EndProject
Global
	GlobalSection(SolutionConfigurationPlatforms) = preSolution
		Debug|Any CPU = Debug|Any CPU
		Release|Any CPU = Release|Any CPU
	EndGlobalSection
	GlobalSection(ProjectConfigurationPlatforms) = postSolution
		{7AA1019A-61B4-4D83-9E8F-6E79D9F2A595}.Debug|Any CPU.ActiveCfg = Debug|Any CPU
		{7AA1019A-61B4-4D83-9E8F-6E79D9F2A595}.Debug|Any CPU.Build.0 = Debug|Any CPU
		{7AA1019A-61B4-4D83-9E8F-6E79D9F2A595}.Release|Any CPU.ActiveCfg = Release|Any CPU
		{7AA1019A-61B4-4D83-9E8F-6E79D9F2A595}.Release|Any CPU.Build.0 = Release|Any CPU
	EndGlobalSection
	GlobalSection(SolutionProperties) = preSolution
		HideSolutionNode = FALSE
	EndGlobalSection
	GlobalSection(ExtensibilityGlobals) = postSolution
		SolutionGuid = {A3CADB35-D853-42CD-B71B-81CA665F9215}
	EndGlobalSection
EndGlobal
